# THIS IS AN AUTOGENERATED FILE. DO NOT EDIT THIS FILE DIRECTLY.
# yarn lockfile v1


happy-dom@^16.0.0:
  version "16.8.1"
  resolved "https://registry.yarnpkg.com/happy-dom/-/happy-dom-16.8.1.tgz#43d7e998fd36aa6062acbdfa88262ef0bc0a105e"
  integrity sha512-n0QrmT9lD81rbpKsyhnlz3DgnMZlaOkJPpgi746doA+HvaMC79bdWkwjrNnGJRvDrWTI8iOcJiVTJ5CdT/AZRw==
  dependencies:
    webidl-conversions "^7.0.0"
    whatwg-mimetype "^3.0.0"

webidl-conversions@^7.0.0:
  version "7.0.0"
  resolved "https://registry.yarnpkg.com/webidl-conversions/-/webidl-conversions-7.0.0.tgz#256b4e1882be7debbf01d05f0aa2039778ea080a"
  integrity sha512-VwddBukDzu71offAQR975unBIGqfKZpM+8ZX6ySk8nYhVoo5CYaZyzt3YBvYtRtO+aoGlqxPg/B87NGVZ/fu6g==

whatwg-mimetype@^3.0.0:
  version "3.0.0"
  resolved "https://registry.yarnpkg.com/whatwg-mimetype/-/whatwg-mimetype-3.0.0.tgz#5fa1a7623867ff1af6ca3dc72ad6b8a4208beba7"
  integrity sha512-nt+N2dzIutVRxARx1nghPKGv1xHikU7HKdfafKkLNLindmPU/ch3U31NOCGGA/dmPcmb1VlofO0vnKAcsm0o/Q==
